
Microsoft Visual Studio Solution File, Format Version 12.00
# Visual Studio Version 18
VisualStudioVersion = 18.7.11919.86 stable
MinimumVisualStudioVersion = 10.0.40219.1
Project("{FAE04EC0-301F-11D3-BF4B-00C04F79EFBC}") = "3DFarmManager", "3DFarmManager.csproj", "{EA0F9D06-6CDA-487A-8A51-5B784A4F0EDB}"
EndProject
Global
	GlobalSection(SolutionConfigurationPlatforms) = preSolution
		Debug|Any CPU = Debug|Any CPU
		Release|Any CPU = Release|Any CPU
	EndGlobalSection
	GlobalSection(ProjectConfigurationPlatforms) = postSolution
		{EA0F9D06-6CDA-487A-8A51-5B784A4F0EDB}.Debug|Any CPU.ActiveCfg = Debug|Any CPU
		{EA0F9D06-6CDA-487A-8A51-5B784A4F0EDB}.Debug|Any CPU.Build.0 = Debug|Any CPU
		{EA0F9D06-6CDA-487A-8A51-5B784A4F0EDB}.Release|Any CPU.ActiveCfg = Release|Any CPU
		{EA0F9D06-6CDA-487A-8A51-5B784A4F0EDB}.Release|Any CPU.Build.0 = Release|Any CPU
	EndGlobalSection
	GlobalSection(SolutionProperties) = preSolution
		HideSolutionNode = FALSE
	EndGlobalSection
	GlobalSection(ExtensibilityGlobals) = postSolution
		SolutionGuid = {BF3819EF-95AC-45D8-91BE-23F3264DDA0B}
	EndGlobalSection
EndGlobal
